# This file is automatically @generated by Cargo.
# It is not intended for manual editing.
[[package]]
name = "cfg-if"
version = "1.0.0"
source = "registry+https://github.com/rust-lang/crates.io-index"
checksum = "baf1de4339761588bc0619e3cbc0120ee582ebb74b53b4efbf79117bd2da40fd"

[[package]]
name = "libftd2xx-ffi"
version = "0.5.1"
source = "git+https://github.com/Grinkers/libftd2xx-ffi-rs.git?branch=main#45e99b6cad32e5ff3c342b3df7e98560dbe73845"
dependencies = [
 "cfg-if",
]

[[package]]
name = "libftd2xx-ffi-test"
version = "0.1.0"
dependencies = [
 "libftd2xx-ffi",
]
